{
  "name": "LeadSite AI",
  "lockfileVersion": 3,
  "requires": true,
  "packages": {
    "": {
      "dependencies": {
        "@dnd-kit/core": "^6.3.1",
        "@dnd-kit/sortable": "^10.0.0",
        "@dnd-kit/utilities": "^3.2.2",
        "@udecode/plate-common": "^41.0.13",
        "@udecode/plate-core": "^48.0.5",
        "slate": "^0.120.0",
        "slate-history": "^0.113.1",
        "slate-react": "^0.120.0"
      }
    },
    "node_modules/@dnd-kit/accessibility": {
      "version": "3.1.1",
      "resolved": "https://registry.npmjs.org/@dnd-kit/accessibility/-/accessibility-3.1.1.tgz",
      "integrity": "sha512-2P+YgaXF+gRsIihwwY1gCsQSYnu9Zyj2py8kY5fFvUM1qm2WA2u639R6YNVfU4GWr+ZM5mqEsfHZZLoRONbemw==",
      "license": "MIT",
      "dependencies": {
        "tslib": "^2.0.0"
      },
      "peerDependencies": {
        "react": ">=16.8.0"
      }
    },
    "node_modules/@dnd-kit/core": {
      "version": "6.3.1",
      "resolved": "https://registry.npmjs.org/@dnd-kit/core/-/core-6.3.1.tgz",
      "integrity": "sha512-xkGBRQQab4RLwgXxoqETICr6S5JlogafbhNsidmrkVv2YRs5MLwpjoF2qpiGjQt8S9AoxtIV603s0GIUpY5eYQ==",
      "license": "MIT",
      "dependencies": {
        "@dnd-kit/accessibility": "^3.1.1",
        "@dnd-kit/utilities": "^3.2.2",
        "tslib": "^2.0.0"
      },
      "peerDependencies": {
        "react": ">=16.8.0",
        "react-dom": ">=16.8.0"
      }
    },
    "node_modules/@dnd-kit/sortable": {
      "version": "10.0.0",
      "resolved": "https://registry.npmjs.org/@dnd-kit/sortable/-/sortable-10.0.0.tgz",
      "integrity": "sha512-+xqhmIIzvAYMGfBYYnbKuNicfSsk4RksY2XdmJhT+HAC01nix6fHCztU68jooFiMUB01Ky3F0FyOvhG/BZrWkg==",
      "license": "MIT",
      "dependencies": {
        "@dnd-kit/utilities": "^3.2.2",
        "tslib": "^2.0.0"
      },
      "peerDependencies": {
        "@dnd-kit/core": "^6.3.0",
        "react": ">=16.8.0"
      }
    },
    "node_modules/@dnd-kit/utilities": {
      "version": "3.2.2",
      "resolved": "https://registry.npmjs.org/@dnd-kit/utilities/-/utilities-3.2.2.tgz",
      "integrity": "sha512-+MKAJEOfaBe5SmV6t34p80MMKhjvUz0vRrvVJbPT0WElzaOJ/1xs+D+KDv+tD/NE5ujfrChEcshd4fLn0wpiqg==",
      "license": "MIT",
      "dependencies": {
        "tslib": "^2.0.0"
      },
      "peerDependencies": {
        "react": ">=16.8.0"
      }
    },
    "node_modules/@juggle/resize-observer": {
      "version": "3.4.0",
      "resolved": "https://registry.npmjs.org/@juggle/resize-observer/-/resize-observer-3.4.0.tgz",
      "integrity": "sha512-dfLbk+PwWvFzSxwk3n5ySL0hfBog779o8h68wK/7/APo/7cgyWp5jcXockbxdk5kFRkbeXWm4Fbi9FrdN381sA==",
      "license": "Apache-2.0"
    },
    "node_modules/@radix-ui/react-compose-refs": {
      "version": "1.1.2",
      "resolved": "https://registry.npmjs.org/@radix-ui/react-compose-refs/-/react-compose-refs-1.1.2.tgz",
      "integrity": "sha512-z4eqJvfiNnFMHIIvXP3CY57y2WJs5g2v3X0zm9mEJkrkNv4rDxu+sg9Jh8EkXyeqBkB7SOcboo9dMVqhyrACIg==",
      "license": "MIT",
      "peerDependencies": {
        "@types/react": "*",
        "react": "^16.8 || ^17.0 || ^18.0 || ^19.0 || ^19.0.0-rc"
      },
      "peerDependenciesMeta": {
        "@types/react": {
          "optional": true
        }
      }
    },
    "node_modules/@radix-ui/react-slot": {
      "version": "1.2.4",
      "resolved": "https://registry.npmjs.org/@radix-ui/react-slot/-/react-slot-1.2.4.tgz",
      "integrity": "sha512-Jl+bCv8HxKnlTLVrcDE8zTMJ09R9/ukw4qBs/oZClOfoQk/cOTbDn+NceXfV7j09YPVQUryJPHurafcSg6EVKA==",
      "license": "MIT",
      "dependencies": {
        "@radix-ui/react-compose-refs": "1.1.2"
      },
      "peerDependencies": {
        "@types/react": "*",
        "react": "^16.8 || ^17.0 || ^18.0 || ^19.0 || ^19.0.0-rc"
      },
      "peerDependenciesMeta": {
        "@types/react": {
          "optional": true
        }
      }
    },
    "node_modules/@udecode/plate-common": {
      "version": "41.0.13",
      "resolved": "https://registry.npmjs.org/@udecode/plate-common/-/plate-common-41.0.13.tgz",
      "integrity": "sha512-QuxdWo+YGWolS7TYGmuKjmeUrDavqiGetfmVFvazx3m0v2baDrdq5iqKwQDoWLevROnQorXLbNfvronEwDu5BQ==",
      "license": "MIT",
      "dependencies": {
        "@udecode/plate-core": "41.0.13",
        "@udecode/plate-utils": "41.0.13",
        "@udecode/react-hotkeys": "37.0.0",
        "@udecode/react-utils": "40.2.8",
        "@udecode/slate": "41.0.0",
        "@udecode/slate-react": "41.0.5",
        "@udecode/slate-utils": "41.0.0",
        "@udecode/utils": "37.0.0"
      },
      "peerDependencies": {
        "react": ">=16.8.0",
        "react-dom": ">=16.8.0",
        "slate": ">=0.112.0",
        "slate-dom": ">=0.111.0",
        "slate-history": ">=0.93.0",
        "slate-hyperscript": ">=0.66.0",
        "slate-react": ">=0.111.0"
      }
    },
    "node_modules/@udecode/plate-common/node_modules/@udecode/plate-core": {
      "version": "41.0.13",
      "resolved": "https://registry.npmjs.org/@udecode/plate-core/-/plate-core-41.0.13.tgz",
      "integrity": "sha512-UkmkoLXA2w41dIjTXCiMjatvPcAtwbCTNfIRiNE2QxhqNQGa+RuNGUgTV0oYR6MHsnI0WatrUH5v7sIh2hm3zA==",
      "license": "MIT",
      "dependencies": {
        "@udecode/react-hotkeys": "37.0.0",
        "@udecode/react-utils": "40.2.8",
        "@udecode/slate": "41.0.0",
        "@udecode/slate-react": "41.0.5",
        "@udecode/slate-utils": "41.0.0",
        "@udecode/utils": "37.0.0",
        "clsx": "^2.1.1",
        "html-entities": "^2.5.2",
        "is-hotkey": "^0.2.0",
        "jotai": "~2.8.4",
        "jotai-optics": "0.4.0",
        "jotai-x": "1.2.4",
        "lodash": "^4.17.21",
        "nanoid": "^3.3.7",
        "optics-ts": "2.4.1",
        "use-deep-compare": "^1.3.0",
        "zustand": "^4.5.5",
        "zustand-x": "^3.0.4"
      },
      "peerDependencies": {
        "react": ">=16.8.0",
        "react-dom": ">=16.8.0",
        "slate": ">=0.112.0",
        "slate-dom": ">=0.111.0",
        "slate-history": ">=0.93.0",
        "slate-hyperscript": ">=0.66.0",
        "slate-react": ">=0.111.0"
      }
    },
    "node_modules/@udecode/plate-common/node_modules/jotai-x": {
      "version": "1.2.4",
      "resolved": "https://registry.npmjs.org/jotai-x/-/jotai-x-1.2.4.tgz",
      "integrity": "sha512-FyLrAR/ZDtmaWgif4cNRuJvMam/RSFv+B11/p4T427ws/T+8WhZzwmULwNogG6ZbZq+v1XpH6f9aN1lYqY5dLg==",
      "license": "MIT",
      "peerDependencies": {
        "@types/react": ">=17.0.0",
        "jotai": ">=2.0.0",
        "react": ">=17.0.0"
      },
      "peerDependenciesMeta": {
        "@types/react": {
          "optional": true
        },
        "react": {
          "optional": true
        }
      }
    },
    "node_modules/@udecode/plate-common/node_modules/nanoid": {
      "version": "3.3.11",
      "resolved": "https://registry.npmjs.org/nanoid/-/nanoid-3.3.11.tgz",
      "integrity": "sha512-N8SpfPUnUp1bK+PMYW8qSWdl9U+wwNWI4QKxOYDy9JAro3WMX7p2OeVRF9v+347pnakNevPmiHhNmZ2HbFA76w==",
      "funding": [
        {
          "type": "github",
          "url": "https://github.com/sponsors/ai"
        }
      ],
      "license": "MIT",
      "bin": {
        "nanoid": "bin/nanoid.cjs"
      },
      "engines": {
        "node": "^10 || ^12 || ^13.7 || ^14 || >=15.0.1"
      }
    },
    "node_modules/@udecode/plate-common/node_modules/zustand": {
      "version": "4.5.7",
      "resolved": "https://registry.npmjs.org/zustand/-/zustand-4.5.7.tgz",
      "integrity": "sha512-CHOUy7mu3lbD6o6LJLfllpjkzhHXSBlX8B9+qPddUsIfeF5S/UZ5q0kmCsnRqT1UHFQZchNFDDzMbQsuesHWlw==",
      "license": "MIT",
      "dependencies": {
        "use-sync-external-store": "^1.2.2"
      },
      "engines": {
        "node": ">=12.7.0"
      },
      "peerDependencies": {
        "@types/react": ">=16.8",
        "immer": ">=9.0.6",
        "react": ">=16.8"
      },
      "peerDependenciesMeta": {
        "@types/react": {
          "optional": true
        },
        "immer": {
          "optional": true
        },
        "react": {
          "optional": true
        }
      }
    },
    "node_modules/@udecode/plate-common/node_modules/zustand-x": {
      "version": "3.0.4",
      "resolved": "https://registry.npmjs.org/zustand-x/-/zustand-x-3.0.4.tgz",
      "integrity": "sha512-dVD8WUEpR/0mMdLah9j8i+r6PMAq9Ii2u+BX/9Bn4MHRt8sSnRQ90YMUlTVonZYAHGb2UHZwPpE2gMb8GtYDDw==",
      "license": "MIT",
      "dependencies": {
        "immer": "^10.0.3",
        "lodash.mapvalues": "^4.6.0",
        "react-tracked": "^1.7.11"
      },
      "peerDependencies": {
        "zustand": ">=4.3.9"
      }
    },
    "node_modules/@udecode/plate-core": {
      "version": "48.0.5",
      "resolved": "https://registry.npmjs.org/@udecode/plate-core/-/plate-core-48.0.5.tgz",
      "integrity": "sha512-Ep0/yISRWOOv2ZtSBjgnJ7wGKQZ2pqh+2xWxu7R2YqwbTk2Zteuuvassn7hGieaalti37ecyi9dIkUZZQL8uGg==",
      "license": "MIT",
      "dependencies": {
        "@udecode/react-hotkeys": "37.0.0",
        "@udecode/react-utils": "47.3.1",
        "@udecode/slate": "48.0.1",
        "@udecode/utils": "47.2.7",
        "clsx": "^2.1.1",
        "html-entities": "^2.6.0",
        "is-hotkey": "^0.2.0",
        "jotai": "~2.8.4",
        "jotai-optics": "0.4.0",
        "jotai-x": "2.3.2",
        "lodash": "^4.17.21",
        "nanoid": "^5.1.5",
        "optics-ts": "2.4.1",
        "slate-hyperscript": "0.100.0",
        "slate-react": "0.114.2",
        "use-deep-compare": "^1.3.0",
        "zustand": "^5.0.3",
        "zustand-x": "6.1.0"
      },
      "peerDependencies": {
        "react": ">=18.0.0",
        "react-dom": ">=18.0.0"
      }
    },
    "node_modules/@udecode/plate-core/node_modules/@udecode/react-utils": {
      "version": "47.3.1",
      "resolved": "https://registry.npmjs.org/@udecode/react-utils/-/react-utils-47.3.1.tgz",
      "integrity": "sha512-fHnY0RGOeKKPnFW8xx8VWlLI0yscHd/kIU5t0bZ5bJ7Vanlhk1CUnPGDNa5HCIMVQrLARngGut/lIyGtoF65EQ==",
      "license": "MIT",
      "dependencies": {
        "@radix-ui/react-slot": "^1.2.0",
        "@udecode/utils": "47.2.7",
        "clsx": "^2.1.1"
      },
      "peerDependencies": {
        "react": ">=18.0.0",
        "react-dom": ">=18.0.0"
      }
    },
    "node_modules/@udecode/plate-core/node_modules/@udecode/slate": {
      "version": "48.0.1",
      "resolved": "https://registry.npmjs.org/@udecode/slate/-/slate-48.0.1.tgz",
      "integrity": "sha512-3so9oEvT5hisF9ZPFOmdeV8HDHC36uEDNYDq54cbExlIyQ1LG48ZRu/qbDMA/42aXmB2BJPIqa0PuQd2UYS3ig==",
      "license": "MIT",
      "dependencies": {
        "@udecode/utils": "47.2.7",
        "is-plain-object": "^5.0.0",
        "lodash": "^4.17.21",
        "slate": "0.114.0",
        "slate-dom": "0.114.0"
      }
    },
    "node_modules/@udecode/plate-core/node_modules/@udecode/utils": {
      "version": "47.2.7",
      "resolved": "https://registry.npmjs.org/@udecode/utils/-/utils-47.2.7.tgz",
      "integrity": "sha512-tQ8tIcdW+ZqWWrDgyf/moTLWtcErcHxaOfuCD/6qIL5hCq+jZm67nGHQToOT4Czti5Jr7CDPMgr8lYpdTEZcew==",
      "license": "MIT"
    },
    "node_modules/@udecode/plate-core/node_modules/slate": {
      "version": "0.114.0",
      "resolved": "https://registry.npmjs.org/slate/-/slate-0.114.0.tgz",
      "integrity": "sha512-r3KHl22433DlN5BpLAlL4b3D8ItoGKAkj91YT6GhP39XuLoBT+YFd9ObKuL/okgiPb5lbwnW+71fM45hHceN9w==",
      "license": "MIT",
      "dependencies": {
        "immer": "^10.0.3",
        "is-plain-object": "^5.0.0",
        "tiny-warning": "^1.0.3"
      }
    },
    "node_modules/@udecode/plate-core/node_modules/slate-dom": {
      "version": "0.114.0",
      "resolved": "https://registry.npmjs.org/slate-dom/-/slate-dom-0.114.0.tgz",
      "integrity": "sha512-3LWIfiDPNQSY+SCPsvMTErCkx2gXTViLoWISisw6uM+unwiOkEF9ZmpHp88/SSmcq6k3P4aIquehUNeNUlkdiA==",
      "license": "MIT",
      "dependencies": {
        "@juggle/resize-observer": "^3.4.0",
        "direction": "^1.0.4",
        "is-hotkey": "^0.2.0",
        "is-plain-object": "^5.0.0",
        "lodash": "^4.17.21",
        "scroll-into-view-if-needed": "^3.1.0",
        "tiny-invariant": "1.3.1"
      },
      "peerDependencies": {
        "slate": ">=0.99.0"
      }
    },
    "node_modules/@udecode/plate-core/node_modules/slate-react": {
      "version": "0.114.2",
      "resolved": "https://registry.npmjs.org/slate-react/-/slate-react-0.114.2.tgz",
      "integrity": "sha512-yqJnX1/7A30szl9BxW3qX99MZy6mM6VtUi1rXTy0JpRMTKv3rduo0WOxqcX90tpt0ke2pzHGbrLLr1buIN4vrw==",
      "license": "MIT",
      "dependencies": {
        "@juggle/resize-observer": "^3.4.0",
        "direction": "^1.0.4",
        "is-hotkey": "^0.2.0",
        "is-plain-object": "^5.0.0",
        "lodash": "^4.17.21",
        "scroll-into-view-if-needed": "^3.1.0",
        "tiny-invariant": "1.3.1"
      },
      "peerDependencies": {
        "react": ">=18.2.0",
        "react-dom": ">=18.2.0",
        "slate": ">=0.114.0",
        "slate-dom": ">=0.110.2"
      }
    },
    "node_modules/@udecode/plate-utils": {
      "version": "41.0.13",
      "resolved": "https://registry.npmjs.org/@udecode/plate-utils/-/plate-utils-41.0.13.tgz",
      "integrity": "sha512-VCk0cFayLlvevZmkKIDLXg/gZTZ7sq53SBNljllBHTUbqede9BXM+cNBlaNEjmvidU8AwJGkPn4W4iLmp9INvA==",
      "license": "MIT",
      "dependencies": {
        "@udecode/plate-core": "41.0.13",
        "@udecode/react-utils": "40.2.8",
        "@udecode/slate": "41.0.0",
        "@udecode/slate-react": "41.0.5",
        "@udecode/slate-utils": "41.0.0",
        "@udecode/utils": "37.0.0",
        "clsx": "^2.1.1",
        "lodash": "^4.17.21"
      },
      "peerDependencies": {
        "react": ">=16.8.0",
        "react-dom": ">=16.8.0",
        "slate": ">=0.112.0",
        "slate-history": ">=0.93.0",
        "slate-hyperscript": ">=0.66.0",
        "slate-react": ">=0.110.0"
      }
    },
    "node_modules/@udecode/plate-utils/node_modules/@udecode/plate-core": {
      "version": "41.0.13",
      "resolved": "https://registry.npmjs.org/@udecode/plate-core/-/plate-core-41.0.13.tgz",
      "integrity": "sha512-UkmkoLXA2w41dIjTXCiMjatvPcAtwbCTNfIRiNE2QxhqNQGa+RuNGUgTV0oYR6MHsnI0WatrUH5v7sIh2hm3zA==",
      "license": "MIT",
      "dependencies": {
        "@udecode/react-hotkeys": "37.0.0",
        "@udecode/react-utils": "40.2.8",
        "@udecode/slate": "41.0.0",
        "@udecode/slate-react": "41.0.5",
        "@udecode/slate-utils": "41.0.0",
        "@udecode/utils": "37.0.0",
        "clsx": "^2.1.1",
        "html-entities": "^2.5.2",
        "is-hotkey": "^0.2.0",
        "jotai": "~2.8.4",
        "jotai-optics": "0.4.0",
        "jotai-x": "1.2.4",
        "lodash": "^4.17.21",
        "nanoid": "^3.3.7",
        "optics-ts": "2.4.1",
        "use-deep-compare": "^1.3.0",
        "zustand": "^4.5.5",
        "zustand-x": "^3.0.4"
      },
      "peerDependencies": {
        "react": ">=16.8.0",
        "react-dom": ">=16.8.0",
        "slate": ">=0.112.0",
        "slate-dom": ">=0.111.0",
        "slate-history": ">=0.93.0",
        "slate-hyperscript": ">=0.66.0",
        "slate-react": ">=0.111.0"
      }
    },
    "node_modules/@udecode/plate-utils/node_modules/jotai-x": {
      "version": "1.2.4",
      "resolved": "https://registry.npmjs.org/jotai-x/-/jotai-x-1.2.4.tgz",
      "integrity": "sha512-FyLrAR/ZDtmaWgif4cNRuJvMam/RSFv+B11/p4T427ws/T+8WhZzwmULwNogG6ZbZq+v1XpH6f9aN1lYqY5dLg==",
      "license": "MIT",
      "peerDependencies": {
        "@types/react": ">=17.0.0",
        "jotai": ">=2.0.0",
        "react": ">=17.0.0"
      },
      "peerDependenciesMeta": {
        "@types/react": {
          "optional": true
        },
        "react": {
          "optional": true
        }
      }
    },
    "node_modules/@udecode/plate-utils/node_modules/nanoid": {
      "version": "3.3.11",
      "resolved": "https://registry.npmjs.org/nanoid/-/nanoid-3.3.11.tgz",
      "integrity": "sha512-N8SpfPUnUp1bK+PMYW8qSWdl9U+wwNWI4QKxOYDy9JAro3WMX7p2OeVRF9v+347pnakNevPmiHhNmZ2HbFA76w==",
      "funding": [
        {
          "type": "github",
          "url": "https://github.com/sponsors/ai"
        }
      ],
      "license": "MIT",
      "bin": {
        "nanoid": "bin/nanoid.cjs"
      },
      "engines": {
        "node": "^10 || ^12 || ^13.7 || ^14 || >=15.0.1"
      }
    },
    "node_modules/@udecode/plate-utils/node_modules/zustand": {
      "version": "4.5.7",
      "resolved": "https://registry.npmjs.org/zustand/-/zustand-4.5.7.tgz",
      "integrity": "sha512-CHOUy7mu3lbD6o6LJLfllpjkzhHXSBlX8B9+qPddUsIfeF5S/UZ5q0kmCsnRqT1UHFQZchNFDDzMbQsuesHWlw==",
      "license": "MIT",
      "dependencies": {
        "use-sync-external-store": "^1.2.2"
      },
      "engines": {
        "node": ">=12.7.0"
      },
      "peerDependencies": {
        "@types/react": ">=16.8",
        "immer": ">=9.0.6",
        "react": ">=16.8"
      },
      "peerDependenciesMeta": {
        "@types/react": {
          "optional": true
        },
        "immer": {
          "optional": true
        },
        "react": {
          "optional": true
        }
      }
    },
    "node_modules/@udecode/plate-utils/node_modules/zustand-x": {
      "version": "3.0.4",
      "resolved": "https://registry.npmjs.org/zustand-x/-/zustand-x-3.0.4.tgz",
      "integrity": "sha512-dVD8WUEpR/0mMdLah9j8i+r6PMAq9Ii2u+BX/9Bn4MHRt8sSnRQ90YMUlTVonZYAHGb2UHZwPpE2gMb8GtYDDw==",
      "license": "MIT",
      "dependencies": {
        "immer": "^10.0.3",
        "lodash.mapvalues": "^4.6.0",
        "react-tracked": "^1.7.11"
      },
      "peerDependencies": {
        "zustand": ">=4.3.9"
      }
    },
    "node_modules/@udecode/react-hotkeys": {
      "version": "37.0.0",
      "resolved": "https://registry.npmjs.org/@udecode/react-hotkeys/-/react-hotkeys-37.0.0.tgz",
      "integrity": "sha512-3ZV5LiaTnKyhXwN6U0NE2cofNsNN2IPMkNCDntbSIIRLYmI+o6LRkDwAucSNh/BIdNXfvxscsR04RYyIwjGbJw==",
      "license": "MIT",
      "peerDependencies": {
        "react": ">=16.8.0",
        "react-dom": ">=16.8.0"
      }
    },
    "node_modules/@udecode/react-utils": {
      "version": "40.2.8",
      "resolved": "https://registry.npmjs.org/@udecode/react-utils/-/react-utils-40.2.8.tgz",
      "integrity": "sha512-Lv8sd6gKSJHbZ0vIVK6rDBwFktAs1q2pfFZ1Ocx5xtLBtINzjjs7TvwbTb8uzVWTTUI2QxuoHDiY2dfTSYWlAQ==",
      "license": "MIT",
      "dependencies": {
        "@radix-ui/react-slot": "^1.1.0",
        "@udecode/utils": "37.0.0",
        "clsx": "^2.1.1"
      },
      "peerDependencies": {
        "react": ">=16.8.0",
        "react-dom": ">=16.8.0"
      }
    },
    "node_modules/@udecode/slate": {
      "version": "41.0.0",
      "resolved": "https://registry.npmjs.org/@udecode/slate/-/slate-41.0.0.tgz",
      "integrity": "sha512-2YiEEgibwOmZ3b1SmPJqN9VnEM66h6km2L73rVffmLayIttiIwcX2hL4AczY6nsSK6CdN9S7EWwUifVsnXCSqg==",
      "license": "MIT",
      "dependencies": {
        "@udecode/utils": "37.0.0",
        "is-plain-object": "^5.0.0"
      },
      "peerDependencies": {
        "slate": ">=0.112.0",
        "slate-history": ">=0.93.0"
      }
    },
    "node_modules/@udecode/slate-react": {
      "version": "41.0.5",
      "resolved": "https://registry.npmjs.org/@udecode/slate-react/-/slate-react-41.0.5.tgz",
      "integrity": "sha512-3UeFI/jOw0IQ2kZcsa4um5iL/UBBPOgHapyK3jcJky8wNzkYTb1NJRr8m3jUGnL/Y2h/Uf5NRvh0gxCdNHj/XQ==",
      "license": "MIT",
      "dependencies": {
        "@udecode/react-utils": "40.2.8",
        "@udecode/slate": "41.0.0",
        "@udecode/utils": "37.0.0"
      },
      "peerDependencies": {
        "react": ">=16.8.0",
        "react-dom": ">=16.8.0",
        "slate": ">=0.112.0",
        "slate-history": ">=0.93.0",
        "slate-react": ">=0.111.0"
      }
    },
    "node_modules/@udecode/slate-utils": {
      "version": "41.0.0",
      "resolved": "https://registry.npmjs.org/@udecode/slate-utils/-/slate-utils-41.0.0.tgz",
      "integrity": "sha512-aQp5xXrLkuffrTbyRitNdcxt4jwjIQOKYXTv5AjwWhq2zoDCtabooZcQQvuCXdYpnNCWBopu4TI6Ac5EtR3h7A==",
      "license": "MIT",
      "dependencies": {
        "@udecode/slate": "41.0.0",
        "@udecode/utils": "37.0.0",
        "lodash": "^4.17.21"
      },
      "peerDependencies": {
        "slate": ">=0.112.0",
        "slate-history": ">=0.93.0"
      }
    },
    "node_modules/@udecode/utils": {
      "version": "37.0.0",
      "resolved": "https://registry.npmjs.org/@udecode/utils/-/utils-37.0.0.tgz",
      "integrity": "sha512-30ixi2pznIXyIqpFocX+X5Sj38js+wZ0RLY14eZv1C1zwWo5BxSuJfzpGQTvGcLPJnij019tEpmGH61QdDxtrQ==",
      "license": "MIT"
    },
    "node_modules/clsx": {
      "version": "2.1.1",
      "resolved": "https://registry.npmjs.org/clsx/-/clsx-2.1.1.tgz",
      "integrity": "sha512-eYm0QWBtUrBWZWG0d386OGAw16Z995PiOVo2B7bjWSbHedGl5e0ZWaq65kOGgUSNesEIDkB9ISbTg/JK9dhCZA==",
      "license": "MIT",
      "engines": {
        "node": ">=6"
      }
    },
    "node_modules/compute-scroll-into-view": {
      "version": "3.1.1",
      "resolved": "https://registry.npmjs.org/compute-scroll-into-view/-/compute-scroll-into-view-3.1.1.tgz",
      "integrity": "sha512-VRhuHOLoKYOy4UbilLbUzbYg93XLjv2PncJC50EuTWPA3gaja1UjBsUP/D/9/juV3vQFr6XBEzn9KCAHdUvOHw==",
      "license": "MIT"
    },
    "node_modules/dequal": {
      "version": "2.0.3",
      "resolved": "https://registry.npmjs.org/dequal/-/dequal-2.0.3.tgz",
      "integrity": "sha512-0je+qPKHEMohvfRTCEo3CrPG6cAzAYgmzKyxRiYSSDkS6eGJdyVJm7WaYA5ECaAD9wLB2T4EEeymA5aFVcYXCA==",
      "license": "MIT",
      "engines": {
        "node": ">=6"
      }
    },
    "node_modules/direction": {
      "version": "1.0.4",
      "resolved": "https://registry.npmjs.org/direction/-/direction-1.0.4.tgz",
      "integrity": "sha512-GYqKi1aH7PJXxdhTeZBFrg8vUBeKXi+cNprXsC1kpJcbcVnV9wBsrOu1cQEdG0WeQwlfHiy3XvnKfIrJ2R0NzQ==",
      "license": "MIT",
      "bin": {
        "direction": "cli.js"
      },
      "funding": {
        "type": "github",
        "url": "https://github.com/sponsors/wooorm"
      }
    },
    "node_modules/html-entities": {
      "version": "2.6.0",
      "resolved": "https://registry.npmjs.org/html-entities/-/html-entities-2.6.0.tgz",
      "integrity": "sha512-kig+rMn/QOVRvr7c86gQ8lWXq+Hkv6CbAH1hLu+RG338StTpE8Z0b44SDVaqVu7HGKf27frdmUYEs9hTUX/cLQ==",
      "funding": [
        {
          "type": "github",
          "url": "https://github.com/sponsors/mdevils"
        },
        {
          "type": "patreon",
          "url": "https://patreon.com/mdevils"
        }
      ],
      "license": "MIT"
    },
    "node_modules/immer": {
      "version": "10.2.0",
      "resolved": "https://registry.npmjs.org/immer/-/immer-10.2.0.tgz",
      "integrity": "sha512-d/+XTN3zfODyjr89gM3mPq1WNX2B8pYsu7eORitdwyA2sBubnTl3laYlBk4sXY5FUa5qTZGBDPJICVbvqzjlbw==",
      "license": "MIT",
      "funding": {
        "type": "opencollective",
        "url": "https://opencollective.com/immer"
      }
    },
    "node_modules/is-hotkey": {
      "version": "0.2.0",
      "resolved": "https://registry.npmjs.org/is-hotkey/-/is-hotkey-0.2.0.tgz",
      "integrity": "sha512-UknnZK4RakDmTgz4PI1wIph5yxSs/mvChWs9ifnlXsKuXgWmOkY/hAE0H/k2MIqH0RlRye0i1oC07MCRSD28Mw==",
      "license": "MIT"
    },
    "node_modules/is-plain-object": {
      "version": "5.0.0",
      "resolved": "https://registry.npmjs.org/is-plain-object/-/is-plain-object-5.0.0.tgz",
      "integrity": "sha512-VRSzKkbMm5jMDoKLbltAkFQ5Qr7VDiTFGXxYFXXowVj387GeGNOCsOH6Msy00SGZ3Fp84b1Naa1psqgcCIEP5Q==",
      "license": "MIT",
      "engines": {
        "node": ">=0.10.0"
      }
    },
    "node_modules/jotai": {
      "version": "2.8.4",
      "resolved": "https://registry.npmjs.org/jotai/-/jotai-2.8.4.tgz",
      "integrity": "sha512-f6jwjhBJcDtpeauT2xH01gnqadKEySwwt1qNBLvAXcnojkmb76EdqRt05Ym8IamfHGAQz2qMKAwftnyjeSoHAA==",
      "license": "MIT",
      "engines": {
        "node": ">=12.20.0"
      },
      "peerDependencies": {
        "@types/react": ">=17.0.0",
        "react": ">=17.0.0"
      },
      "peerDependenciesMeta": {
        "@types/react": {
          "optional": true
        },
        "react": {
          "optional": true
        }
      }
    },
    "node_modules/jotai-optics": {
      "version": "0.4.0",
      "resolved": "https://registry.npmjs.org/jotai-optics/-/jotai-optics-0.4.0.tgz",
      "integrity": "sha512-osbEt9AgS55hC4YTZDew2urXKZkaiLmLqkTS/wfW5/l0ib8bmmQ7kBXSFaosV6jDDWSp00IipITcJARFHdp42g==",
      "license": "MIT",
      "peerDependencies": {
        "jotai": ">=2.0.0",
        "optics-ts": ">=2.0.0"
      }
    },
    "node_modules/jotai-x": {
      "version": "2.3.2",
      "resolved": "https://registry.npmjs.org/jotai-x/-/jotai-x-2.3.2.tgz",
      "integrity": "sha512-WjOfSO4lZBtuy7igTcJ8ZMq9zf/MfjnJnMgsdLNLZrFeiaAWif7Kh/kXwIG4dFMLTOFZ9Bf96bztv21VBcTB0g==",
      "license": "MIT",
      "peerDependencies": {
        "@types/react": ">=17.0.0",
        "jotai": ">=2.0.0",
        "react": ">=17.0.0"
      },
      "peerDependenciesMeta": {
        "@types/react": {
          "optional": true
        },
        "react": {
          "optional": true
        }
      }
    },
    "node_modules/lodash": {
      "version": "4.17.21",
      "resolved": "https://registry.npmjs.org/lodash/-/lodash-4.17.21.tgz",
      "integrity": "sha512-v2kDEe57lecTulaDIuNTPy3Ry4gLGJ6Z1O3vE1krgXZNrsQ+LFTGHVxVjcXPs17LhbZVGedAJv8XZ1tvj5FvSg==",
      "license": "MIT"
    },
    "node_modules/lodash.mapvalues": {
      "version": "4.6.0",
      "resolved": "https://registry.npmjs.org/lodash.mapvalues/-/lodash.mapvalues-4.6.0.tgz",
      "integrity": "sha512-JPFqXFeZQ7BfS00H58kClY7SPVeHertPE0lNuCyZ26/XlN8TvakYD7b9bGyNmXbT/D3BbtPAAmq90gPWqLkxlQ==",
      "license": "MIT"
    },
    "node_modules/mutative": {
      "version": "1.1.0",
      "resolved": "https://registry.npmjs.org/mutative/-/mutative-1.1.0.tgz",
      "integrity": "sha512-2PJADREjOusk3iJkD3rXV2YjAxTuaLxdfqtqTEt6vcY07LtEBR1seHuBHXWEIuscqRDGvbauYPs+A4Rj/KTczQ==",
      "license": "MIT",
      "engines": {
        "node": ">=14.0"
      }
    },
    "node_modules/nanoid": {
      "version": "5.1.6",
      "resolved": "https://registry.npmjs.org/nanoid/-/nanoid-5.1.6.tgz",
      "integrity": "sha512-c7+7RQ+dMB5dPwwCp4ee1/iV/q2P6aK1mTZcfr1BTuVlyW9hJYiMPybJCcnBlQtuSmTIWNeazm/zqNoZSSElBg==",
      "funding": [
        {
          "type": "github",
          "url": "https://github.com/sponsors/ai"
        }
      ],
      "license": "MIT",
      "bin": {
        "nanoid": "bin/nanoid.js"
      },
      "engines": {
        "node": "^18 || >=20"
      }
    },
    "node_modules/optics-ts": {
      "version": "2.4.1",
      "resolved": "https://registry.npmjs.org/optics-ts/-/optics-ts-2.4.1.tgz",
      "integrity": "sha512-HaYzMHvC80r7U/LqAd4hQyopDezC60PO2qF5GuIwALut2cl5rK1VWHsqTp0oqoJJWjiv6uXKqsO+Q2OO0C3MmQ==",
      "license": "MIT"
    },
    "node_modules/proxy-compare": {
      "version": "2.6.0",
      "resolved": "https://registry.npmjs.org/proxy-compare/-/proxy-compare-2.6.0.tgz",
      "integrity": "sha512-8xuCeM3l8yqdmbPoYeLbrAXCBWu19XEYc5/F28f5qOaoAIMyfmBUkl5axiK+x9olUvRlcekvnm98AP9RDngOIw==",
      "license": "MIT"
    },
    "node_modules/react": {
      "version": "19.2.1",
      "resolved": "https://registry.npmjs.org/react/-/react-19.2.1.tgz",
      "integrity": "sha512-DGrYcCWK7tvYMnWh79yrPHt+vdx9tY+1gPZa7nJQtO/p8bLTDaHp4dzwEhQB7pZ4Xe3ok4XKuEPrVuc+wlpkmw==",
      "license": "MIT",
      "peer": true,
      "engines": {
        "node": ">=0.10.0"
      }
    },
    "node_modules/react-dom": {
      "version": "19.2.1",
      "resolved": "https://registry.npmjs.org/react-dom/-/react-dom-19.2.1.tgz",
      "integrity": "sha512-ibrK8llX2a4eOskq1mXKu/TGZj9qzomO+sNfO98M6d9zIPOEhlBkMkBUBLd1vgS0gQsLDBzA+8jJBVXDnfHmJg==",
      "license": "MIT",
      "peer": true,
      "dependencies": {
        "scheduler": "^0.27.0"
      },
      "peerDependencies": {
        "react": "^19.2.1"
      }
    },
    "node_modules/react-tracked": {
      "version": "1.7.14",
      "resolved": "https://registry.npmjs.org/react-tracked/-/react-tracked-1.7.14.tgz",
      "integrity": "sha512-6UMlgQeRAGA+uyYzuQGm7kZB6ZQYFhc7sntgP7Oxwwd6M0Ud/POyb4K3QWT1eXvoifSa80nrAWnXWFGpOvbwkw==",
      "license": "MIT",
      "dependencies": {
        "proxy-compare": "2.6.0",
        "use-context-selector": "1.4.4"
      },
      "peerDependencies": {
        "react": ">=16.8.0",
        "react-dom": "*",
        "react-native": "*",
        "scheduler": ">=0.19.0"
      },
      "peerDependenciesMeta": {
        "react-dom": {
          "optional": true
        },
        "react-native": {
          "optional": true
        }
      }
    },
    "node_modules/scheduler": {
      "version": "0.27.0",
      "resolved": "https://registry.npmjs.org/scheduler/-/scheduler-0.27.0.tgz",
      "integrity": "sha512-eNv+WrVbKu1f3vbYJT/xtiF5syA5HPIMtf9IgY/nKg0sWqzAUEvqY/xm7OcZc/qafLx/iO9FgOmeSAp4v5ti/Q==",
      "license": "MIT",
      "peer": true
    },
    "node_modules/scroll-into-view-if-needed": {
      "version": "3.1.0",
      "resolved": "https://registry.npmjs.org/scroll-into-view-if-needed/-/scroll-into-view-if-needed-3.1.0.tgz",
      "integrity": "sha512-49oNpRjWRvnU8NyGVmUaYG4jtTkNonFZI86MmGRDqBphEK2EXT9gdEUoQPZhuBM8yWHxCWbobltqYO5M4XrUvQ==",
      "license": "MIT",
      "dependencies": {
        "compute-scroll-into-view": "^3.0.2"
      }
    },
    "node_modules/slate": {
      "version": "0.120.0",
      "resolved": "https://registry.npmjs.org/slate/-/slate-0.120.0.tgz",
      "integrity": "sha512-CXK/DADGgMZb4z9RTtXylzIDOxvmNJEF9bXV2bAGkLWhQ3rm7GORY9q0H/W41YJvAGZsLbH7nnrhMYr550hWDQ==",
      "license": "MIT"
    },
    "node_modules/slate-dom": {
      "version": "0.119.0",
      "resolved": "https://registry.npmjs.org/slate-dom/-/slate-dom-0.119.0.tgz",
      "integrity": "sha512-foc8a2NkE+1SldDIYaoqjhVKupt8RSuvHI868rfYOcypD4we5TT7qunjRKJ852EIRh/Ql8sSTepXgXKOUJnt1w==",
      "license": "MIT",
      "peer": true,
      "dependencies": {
        "@juggle/resize-observer": "^3.4.0",
        "direction": "^1.0.4",
        "is-hotkey": "^0.2.0",
        "is-plain-object": "^5.0.0",
        "lodash": "^4.17.21",
        "scroll-into-view-if-needed": "^3.1.0",
        "tiny-invariant": "1.3.1"
      },
      "peerDependencies": {
        "slate": ">=0.99.0"
      }
    },
    "node_modules/slate-history": {
      "version": "0.113.1",
      "resolved": "https://registry.npmjs.org/slate-history/-/slate-history-0.113.1.tgz",
      "integrity": "sha512-J9NSJ+UG2GxoW0lw5mloaKcN0JI0x2IA5M5FxyGiInpn+QEutxT1WK7S/JneZCMFJBoHs1uu7S7e6pxQjubHmQ==",
      "license": "MIT",
      "dependencies": {
        "is-plain-object": "^5.0.0"
      },
      "peerDependencies": {
        "slate": ">=0.65.3"
      }
    },
    "node_modules/slate-hyperscript": {
      "version": "0.100.0",
      "resolved": "https://registry.npmjs.org/slate-hyperscript/-/slate-hyperscript-0.100.0.tgz",
      "integrity": "sha512-fb2KdAYg6RkrQGlqaIi4wdqz3oa0S4zKNBJlbnJbNOwa23+9FLD6oPVx9zUGqCSIpy+HIpOeqXrg0Kzwh/Ii4A==",
      "license": "MIT",
      "dependencies": {
        "is-plain-object": "^5.0.0"
      },
      "peerDependencies": {
        "slate": ">=0.65.3"
      }
    },
    "node_modules/slate-react": {
      "version": "0.120.0",
      "resolved": "https://registry.npmjs.org/slate-react/-/slate-react-0.120.0.tgz",
      "integrity": "sha512-CMEJzozriddBjVmbxNvc2erCkXUuEkgdXIdM+jEMvxWMb51z0zhIVzgoxbGprVpzwBXY8Kv7aZOUDVMomzWH/g==",
      "license": "MIT",
      "dependencies": {
        "@juggle/resize-observer": "^3.4.0",
        "direction": "^1.0.4",
        "is-hotkey": "^0.2.0",
        "lodash": "^4.17.21",
        "scroll-into-view-if-needed": "^3.1.0",
        "tiny-invariant": "1.3.1"
      },
      "peerDependencies": {
        "react": ">=18.2.0",
        "react-dom": ">=18.2.0",
        "slate": ">=0.114.0",
        "slate-dom": ">=0.119.0"
      }
    },
    "node_modules/tiny-invariant": {
      "version": "1.3.1",
      "resolved": "https://registry.npmjs.org/tiny-invariant/-/tiny-invariant-1.3.1.tgz",
      "integrity": "sha512-AD5ih2NlSssTCwsMznbvwMZpJ1cbhkGd2uueNxzv2jDlEeZdU04JQfRnggJQ8DrcVBGjAsCKwFBbDlVNtEMlzw==",
      "license": "MIT"
    },
    "node_modules/tiny-warning": {
      "version": "1.0.3",
      "resolved": "https://registry.npmjs.org/tiny-warning/-/tiny-warning-1.0.3.tgz",
      "integrity": "sha512-lBN9zLN/oAf68o3zNXYrdCt1kP8WsiGW8Oo2ka41b2IM5JL/S1CTyX1rW0mb/zSuJun0ZUrDxx4sqvYS2FWzPA==",
      "license": "MIT"
    },
    "node_modules/tslib": {
      "version": "2.8.1",
      "resolved": "https://registry.npmjs.org/tslib/-/tslib-2.8.1.tgz",
      "integrity": "sha512-oJFu94HQb+KVduSUQL7wnpmqnfmLsOA/nAh6b6EH0wCEoK0/mPeXU6c3wKDV83MkOuHPRHtSXKKU99IBazS/2w==",
      "license": "0BSD"
    },
    "node_modules/use-context-selector": {
      "version": "1.4.4",
      "resolved": "https://registry.npmjs.org/use-context-selector/-/use-context-selector-1.4.4.tgz",
      "integrity": "sha512-pS790zwGxxe59GoBha3QYOwk8AFGp4DN6DOtH+eoqVmgBBRXVx4IlPDhJmmMiNQAgUaLlP+58aqRC3A4rdaSjg==",
      "license": "MIT",
      "peerDependencies": {
        "react": ">=16.8.0",
        "react-dom": "*",
        "react-native": "*",
        "scheduler": ">=0.19.0"
      },
      "peerDependenciesMeta": {
        "react-dom": {
          "optional": true
        },
        "react-native": {
          "optional": true
        }
      }
    },
    "node_modules/use-deep-compare": {
      "version": "1.3.0",
      "resolved": "https://registry.npmjs.org/use-deep-compare/-/use-deep-compare-1.3.0.tgz",
      "integrity": "sha512-94iG+dEdEP/Sl3WWde+w9StIunlV8Dgj+vkt5wTwMoFQLaijiEZSXXy8KtcStpmEDtIptRJiNeD4ACTtVvnIKA==",
      "license": "MIT",
      "dependencies": {
        "dequal": "2.0.3"
      },
      "peerDependencies": {
        "react": ">=16.8.0"
      }
    },
    "node_modules/use-sync-external-store": {
      "version": "1.4.0",
      "resolved": "https://registry.npmjs.org/use-sync-external-store/-/use-sync-external-store-1.4.0.tgz",
      "integrity": "sha512-9WXSPC5fMv61vaupRkCKCxsPxBocVnwakBEkMIHHpkTTg6icbJtg6jzgtLDm4bl3cSHAca52rYWih0k4K3PfHw==",
      "license": "MIT",
      "peerDependencies": {
        "react": "^16.8.0 || ^17.0.0 || ^18.0.0 || ^19.0.0"
      }
    },
    "node_modules/zustand": {
      "version": "5.0.9",
      "resolved": "https://registry.npmjs.org/zustand/-/zustand-5.0.9.tgz",
      "integrity": "sha512-ALBtUj0AfjJt3uNRQoL1tL2tMvj6Gp/6e39dnfT6uzpelGru8v1tPOGBzayOWbPJvujM8JojDk3E1LxeFisBNg==",
      "license": "MIT",
      "engines": {
        "node": ">=12.20.0"
      },
      "peerDependencies": {
        "@types/react": ">=18.0.0",
        "immer": ">=9.0.6",
        "react": ">=18.0.0",
        "use-sync-external-store": ">=1.2.0"
      },
      "peerDependenciesMeta": {
        "@types/react": {
          "optional": true
        },
        "immer": {
          "optional": true
        },
        "react": {
          "optional": true
        },
        "use-sync-external-store": {
          "optional": true
        }
      }
    },
    "node_modules/zustand-x": {
      "version": "6.1.0",
      "resolved": "https://registry.npmjs.org/zustand-x/-/zustand-x-6.1.0.tgz",
      "integrity": "sha512-lW1Fs29bLCrerWDa3lZLPuEn+ZkbSGzXdwdImKLJUtI2OqlDjpcFac5WTzCPs2ul/igwXFnGiKH1mdn+1Pl2mw==",
      "license": "MIT",
      "dependencies": {
        "immer": "^10.0.3",
        "lodash.mapvalues": "^4.6.0",
        "mutative": "1.1.0",
        "react-tracked": "^1.7.11",
        "use-sync-external-store": "1.4.0"
      },
      "peerDependencies": {
        "zustand": ">=5.0.2"
      }
    }
  }
}
